
Microsoft Visual Studio Solution File, Format Version 12.00
# Visual Studio Version 17
VisualStudioVersion = 17.4.33103.184
MinimumVisualStudioVersion = 10.0.40219.1
Project("{9A19103F-16F7-4668-BE54-9A1E7A4F7556}") = "ChannelEngine.BusinessLogic", "ChannelEngine.BusinessLogic\ChannelEngine.BusinessLogic.csproj", "{9FA29A28-3C8F-44A4-8DF3-4A75DAD38D30}"
EndProject
Project("{9A19103F-16F7-4668-BE54-9A1E7A4F7556}") = "ChannelEngine.ConsoleApp", "ChannelEngine.ConsoleApp\ChannelEngine.ConsoleApp.csproj", "{1E058B5A-B818-4AF2-9E51-CC4DF2694C5A}"
EndProject
Project("{FAE04EC0-301F-11D3-BF4B-00C04F79EFBC}") = "ChannelEngine.Web", "ChannelEngine.Web\ChannelEngine.Web.csproj", "{8F3551AD-9E40-410C-A631-3F5DB73A27A4}"
EndProject
Project("{FAE04EC0-301F-11D3-BF4B-00C04F79EFBC}") = "ChannelEngine.Tests", "ChannelEngine.Tests\ChannelEngine.Tests.csproj", "{0EAE6BFE-6087-4EF6-9176-41A5CAC51528}"
EndProject
Global
	GlobalSection(SolutionConfigurationPlatforms) = preSolution
		Debug|Any CPU = Debug|Any CPU
		Release|Any CPU = Release|Any CPU
	EndGlobalSection
	GlobalSection(ProjectConfigurationPlatforms) = postSolution
		{9FA29A28-3C8F-44A4-8DF3-4A75DAD38D30}.Debug|Any CPU.ActiveCfg = Debug|Any CPU
		{9FA29A28-3C8F-44A4-8DF3-4A75DAD38D30}.Debug|Any CPU.Build.0 = Debug|Any CPU
		{9FA29A28-3C8F-44A4-8DF3-4A75DAD38D30}.Release|Any CPU.ActiveCfg = Release|Any CPU
		{9FA29A28-3C8F-44A4-8DF3-4A75DAD38D30}.Release|Any CPU.Build.0 = Release|Any CPU
		{1E058B5A-B818-4AF2-9E51-CC4DF2694C5A}.Debug|Any CPU.ActiveCfg = Debug|Any CPU
		{1E058B5A-B818-4AF2-9E51-CC4DF2694C5A}.Debug|Any CPU.Build.0 = Debug|Any CPU
		{1E058B5A-B818-4AF2-9E51-CC4DF2694C5A}.Release|Any CPU.ActiveCfg = Release|Any CPU
		{1E058B5A-B818-4AF2-9E51-CC4DF2694C5A}.Release|Any CPU.Build.0 = Release|Any CPU
		{8F3551AD-9E40-410C-A631-3F5DB73A27A4}.Debug|Any CPU.ActiveCfg = Debug|Any CPU
		{8F3551AD-9E40-410C-A631-3F5DB73A27A4}.Debug|Any CPU.Build.0 = Debug|Any CPU
		{8F3551AD-9E40-410C-A631-3F5DB73A27A4}.Release|Any CPU.ActiveCfg = Release|Any CPU
		{8F3551AD-9E40-410C-A631-3F5DB73A27A4}.Release|Any CPU.Build.0 = Release|Any CPU
		{0EAE6BFE-6087-4EF6-9176-41A5CAC51528}.Debug|Any CPU.ActiveCfg = Debug|Any CPU
		{0EAE6BFE-6087-4EF6-9176-41A5CAC51528}.Debug|Any CPU.Build.0 = Debug|Any CPU
		{0EAE6BFE-6087-4EF6-9176-41A5CAC51528}.Release|Any CPU.ActiveCfg = Release|Any CPU
		{0EAE6BFE-6087-4EF6-9176-41A5CAC51528}.Release|Any CPU.Build.0 = Release|Any CPU
	EndGlobalSection
	GlobalSection(SolutionProperties) = preSolution
		HideSolutionNode = FALSE
	EndGlobalSection
	GlobalSection(ExtensibilityGlobals) = postSolution
		SolutionGuid = {9C4CDC79-EA0F-4261-A924-43DB8288922C}
	EndGlobalSection
EndGlobal
